
Microsoft Visual Studio Solution File, Format Version 10.00
# Visual Studio 2008
Project("{2150E333-8FDC-42A3-9474-1A3956D46DE8}") = "app", "app", "{A23DD286-1570-422E-B487-D48B388EC1F6}"
EndProject
Project("{2150E333-8FDC-42A3-9474-1A3956D46DE8}") = "lib", "lib", "{DA569A19-2C0F-4B4C-943B-F33666C4FEDC}"
EndProject
Project("{2150E333-8FDC-42A3-9474-1A3956D46DE8}") = "properties", "properties", "{6B14A73A-7B51-465B-A8C4-A29DE8773BA7}"
	ProjectSection(SolutionItems) = preProject
		..\lamna.vsprops = ..\lamna.vsprops
		..\libjpeg.vsprops = ..\libjpeg.vsprops
		..\libpng.vsprops = ..\libpng.vsprops
		..\libraw.vsprops = ..\libraw.vsprops
		..\libtiff.vsprops = ..\libtiff.vsprops
		..\nadir.vsprops = ..\nadir.vsprops
		..\vcproj.vsprops = ..\vcproj.vsprops
		vcversion.vsprops = vcversion.vsprops
		..\vedere.vsprops = ..\vedere.vsprops
		..\zlib.vsprops = ..\zlib.vsprops
	EndProjectSection
EndProject
Project("{8BC9CEB8-8B4A-11D0-8D11-00A0C91BC942}") = "WinVHello", "WinVHello\WinVHello.vcproj", "{5CD666BB-6149-4EA1-A1A1-953ADB7D7334}"
EndProject
Project("{8BC9CEB8-8B4A-11D0-8D11-00A0C91BC942}") = "libvedere", "libvedere\libvedere.vcproj", "{BBCCD105-4CAB-40CD-A99D-4D23794C1DD8}"
EndProject
Global
	GlobalSection(SolutionConfigurationPlatforms) = preSolution
		Debug|Win32 = Debug|Win32
		Debug|x64 = Debug|x64
		Release|Win32 = Release|Win32
		Release|x64 = Release|x64
	EndGlobalSection
	GlobalSection(ProjectConfigurationPlatforms) = postSolution
		{5CD666BB-6149-4EA1-A1A1-953ADB7D7334}.Debug|Win32.ActiveCfg = Debug|Win32
		{5CD666BB-6149-4EA1-A1A1-953ADB7D7334}.Debug|Win32.Build.0 = Debug|Win32
		{5CD666BB-6149-4EA1-A1A1-953ADB7D7334}.Debug|x64.ActiveCfg = Debug|x64
		{5CD666BB-6149-4EA1-A1A1-953ADB7D7334}.Debug|x64.Build.0 = Debug|x64
		{5CD666BB-6149-4EA1-A1A1-953ADB7D7334}.Release|Win32.ActiveCfg = Release|Win32
		{5CD666BB-6149-4EA1-A1A1-953ADB7D7334}.Release|Win32.Build.0 = Release|Win32
		{5CD666BB-6149-4EA1-A1A1-953ADB7D7334}.Release|x64.ActiveCfg = Release|x64
		{5CD666BB-6149-4EA1-A1A1-953ADB7D7334}.Release|x64.Build.0 = Release|x64
		{BBCCD105-4CAB-40CD-A99D-4D23794C1DD8}.Debug|Win32.ActiveCfg = Debug|Win32
		{BBCCD105-4CAB-40CD-A99D-4D23794C1DD8}.Debug|Win32.Build.0 = Debug|Win32
		{BBCCD105-4CAB-40CD-A99D-4D23794C1DD8}.Debug|x64.ActiveCfg = Debug|x64
		{BBCCD105-4CAB-40CD-A99D-4D23794C1DD8}.Debug|x64.Build.0 = Debug|x64
		{BBCCD105-4CAB-40CD-A99D-4D23794C1DD8}.Release|Win32.ActiveCfg = Release|Win32
		{BBCCD105-4CAB-40CD-A99D-4D23794C1DD8}.Release|Win32.Build.0 = Release|Win32
		{BBCCD105-4CAB-40CD-A99D-4D23794C1DD8}.Release|x64.ActiveCfg = Release|x64
		{BBCCD105-4CAB-40CD-A99D-4D23794C1DD8}.Release|x64.Build.0 = Release|x64
	EndGlobalSection
	GlobalSection(SolutionProperties) = preSolution
		HideSolutionNode = FALSE
	EndGlobalSection
	GlobalSection(NestedProjects) = preSolution
		{5CD666BB-6149-4EA1-A1A1-953ADB7D7334} = {A23DD286-1570-422E-B487-D48B388EC1F6}
		{BBCCD105-4CAB-40CD-A99D-4D23794C1DD8} = {DA569A19-2C0F-4B4C-943B-F33666C4FEDC}
	EndGlobalSection
EndGlobal
